// !$*UTF8*$!
{
	archiveVersion = 1;
	classes = {
	};
	objectVersion = 50;
	objects = {

/* Begin PBXBuildFile section */
		F79CED11241BFCC600556B50 /* AppDelegate.swift in Sources */ = {isa = PBXBuildFile; fileRef = F79CED10241BFCC600556B50 /* AppDelegate.swift */; };
		F79CED13241BFCC600556B50 /* SceneDelegate.swift in Sources */ = {isa = PBXBuildFile; fileRef = F79CED12241BFCC600556B50 /* SceneDelegate.swift */; };
		F79CED15241BFCC600556B50 /* ViewController.swift in Sources */ = {isa = PBXBuildFile; fileRef = F79CED14241BFCC600556B50 /* ViewController.swift */; };
		F79CED18241BFCC600556B50 /* Main.storyboard in Resources */ = {isa = PBXBuildFile; fileRef = F79CED16241BFCC600556B50 /* Main.storyboard */; };
		F79CED1A241BFCCF00556B50 /* Assets.xcassets in Resources */ = {isa = PBXBuildFile; fileRef = F79CED19241BFCCF00556B50 /* Assets.xcassets */; };
		F79CED1D241BFCCF00556B50 /* LaunchScreen.storyboard in Resources */ = {isa = PBXBuildFile; fileRef = F79CED1B241BFCCF00556B50 /* LaunchScreen.storyboard */; };
/* End PBXBuildFile section */

/* Begin PBXFileReference section */
		F79CED0D241BFCC600556B50 /* VIPER_Example_Categories_2_4.app */ = {isa = PBXFileReference; explicitFileType = wrapper.application; includeInIndex = 0; path = VIPER_Example_Categories_2_4.app; sourceTree = BUILT_PRODUCTS_DIR; };
		F79CED10241BFCC600556B50 /* AppDelegate.swift */ = {isa = PBXFileReference; lastKnownFileType = sourcecode.swift; path = AppDelegate.swift; sourceTree = "<group>"; };
		F79CED12241BFCC600556B50 /* SceneDelegate.swift */ = {isa = PBXFileReference; lastKnownFileType = sourcecode.swift; path = SceneDelegate.swift; sourceTree = "<group>"; };
		F79CED14241BFCC600556B50 /* ViewController.swift */ = {isa = PBXFileReference; lastKnownFileType = sourcecode.swift; path = ViewController.swift; sourceTree = "<group>"; };
		F79CED17241BFCC600556B50 /* Base */ = {isa = PBXFileReference; lastKnownFileType = file.storyboard; name = Base; path = Base.lproj/Main.storyboard; sourceTree = "<group>"; };
		F79CED19241BFCCF00556B50 /* Assets.xcassets */ = {isa = PBXFileReference; lastKnownFileType = folder.assetcatalog; path = Assets.xcassets; sourceTree = "<group>"; };
		F79CED1C241BFCCF00556B50 /* Base */ = {isa = PBXFileReference; lastKnownFileType = file.storyboard; name = Base; path = Base.lproj/LaunchScreen.storyboard; sourceTree = "<group>"; };
		F79CED1E241BFCCF00556B50 /* Info.plist */ = {isa = PBXFileReference; lastKnownFileType = text.plist.xml; path = Info.plist; sourceTree = "<group>"; };
/* End PBXFileReference section */

/* Begin PBXFrameworksBuildPhase section */
		F79CED0A241BFCC600556B50 /* Frameworks */ = {
			isa = PBXFrameworksBuildPhase;
			buildActionMask = 2147483647;
			files = (
			);
			runOnlyForDeploymentPostprocessing = 0;
		};
/* End PBXFrameworksBuildPhase section */

/* Begin PBXGroup section */
		F79CED04241BFCC600556B50 = {
			isa = PBXGroup;
			children = (
				F79CED0F241BFCC600556B50 /* VIPER_Example_Categories_2_4 */,
				F79CED0E241BFCC600556B50 /* Products */,
			);
			sourceTree = "<group>";
		};
		F79CED0E241BFCC600556B50 /* Products */ = {
			isa = PBXGroup;
			children = (
				F79CED0D241BFCC600556B50 /* VIPER_Example_Categories_2_4.app */,
			);
			name = Products;
			sourceTree = "<group>";
		};
		F79CED0F241BFCC600556B50 /* VIPER_Example_Categories_2_4 */ = {
			isa = PBXGroup;
			children = (
				F79CED10241BFCC600556B50 /* AppDelegate.swift */,
				F79CED12241BFCC600556B50 /* SceneDelegate.swift */,
				F79CED14241BFCC600556B50 /* ViewController.swift */,
				F79CED16241BFCC600556B50 /* Main.storyboard */,
				F79CED19241BFCCF00556B50 /* Assets.xcassets */,
				F79CED1B241BFCCF00556B50 /* LaunchScreen.storyboard */,
				F79CED1E241BFCCF00556B50 /* Info.plist */,
			);
			path = VIPER_Example_Categories_2_4;
			sourceTree = "<group>";
		};
/* End PBXGroup section */

/* Begin PBXNativeTarget section */
		F79CED0C241BFCC600556B50 /* VIPER_Example_Categories_2_4 */ = {
			isa = PBXNativeTarget;
			buildConfigurationList = F79CED21241BFCCF00556B50 /* Build configuration list for PBXNativeTarget "VIPER_Example_Categories_2_4" */;
			buildPhases = (
				F79CED09241BFCC600556B50 /* Sources */,
				F79CED0A241BFCC600556B50 /* Frameworks */,
				F79CED0B241BFCC600556B50 /* Resources */,
			);
			buildRules = (
			);
			dependencies = (
			);
			name = VIPER_Example_Categories_2_4;
			productName = VIPER_Example_Categories_2_4;
			productReference = F79CED0D241BFCC600556B50 /* VIPER_Example_Categories_2_4.app */;
			productType = "com.apple.product-type.application";
		};
/* End PBXNativeTarget section */

/* Begin PBXProject section */
		F79CED05241BFCC600556B50 /* Project object */ = {
			isa = PBXProject;
			attributes = {
				LastSwiftUpdateCheck = 1130;
				LastUpgradeCheck = 1130;
				ORGANIZATIONNAME = LY;
				TargetAttributes = {
					F79CED0C241BFCC600556B50 = {
						CreatedOnToolsVersion = 11.3.1;
					};
				};
			};
			buildConfigurationList = F79CED08241BFCC600556B50 /* Build configuration list for PBXProject "VIPER_Example_Categories_2_4" */;
			compatibilityVersion = "Xcode 9.3";
			developmentRegion = en;
			hasScannedForEncodings = 0;
			knownRegions = (
				en,
				Base,
			);
			mainGroup = F79CED04241BFCC600556B50;
			productRefGroup = F79CED0E241BFCC600556B50 /* Products */;
			projectDirPath = "";
			projectRoot = "";
			targets = (
				F79CED0C241BFCC600556B50 /* VIPER_Example_Categories_2_4 */,
			);
		};
/* End PBXProject section */

/* Begin PBXResourcesBuildPhase section */
		F79CED0B241BFCC600556B50 /* Resources */ = {
			isa = PBXResourcesBuildPhase;
			buildActionMask = 2147483647;
			files = (
				F79CED1D241BFCCF00556B50 /* LaunchScreen.storyboard in Resources */,
				F79CED1A241BFCCF00556B50 /* Assets.xcassets in Resources */,
				F79CED18241BFCC600556B50 /* Main.storyboard in Resources */,
			);
			runOnlyForDeploymentPostprocessing = 0;
		};
/* End PBXResourcesBuildPhase section */

/* Begin PBXSourcesBuildPhase section */
		F79CED09241BFCC600556B50 /* Sources */ = {
			isa = PBXSourcesBuildPhase;
			buildActionMask = 2147483647;
			files = (
				F79CED15241BFCC600556B50 /* ViewController.swift in Sources */,
				F79CED11241BFCC600556B50 /* AppDelegate.swift in Sources */,
				F79CED13241BFCC600556B50 /* SceneDelegate.swift in Sources */,
			);
			runOnlyForDeploymentPostprocessing = 0;
		};
/* End PBXSourcesBuildPhase section */

/* Begin PBXVariantGroup section */
		F79CED16241BFCC600556B50 /* Main.storyboard */ = {
			isa = PBXVariantGroup;
			children = (
				F79CED17241BFCC600556B50 /* Base */,
			);
			name = Main.storyboard;
			sourceTree = "<group>";
		};
		F79CED1B241BFCCF00556B50 /* LaunchScreen.storyboard */ = {
			isa = PBXVariantGroup;
			children = (
				F79CED1C241BFCCF00556B50 /* Base */,
			);
			name = LaunchScreen.storyboard;
			sourceTree = "<group>";
		};
/* End PBXVariantGroup section */

/* Begin XCBuildConfiguration section */
		F79CED1F241BFCCF00556B50 /* Debug */ = {
			isa = XCBuildConfiguration;
			buildSettings = {
				ALWAYS_SEARCH_USER_PATHS = NO;
				CLANG_ANALYZER_NONNULL = YES;
				CLANG_ANALYZER_NUMBER_OBJECT_CONVERSION = YES_AGGRESSIVE;
				CLANG_CXX_LANGUAGE_STANDARD = "gnu++14";
				CLANG_CXX_LIBRARY = "libc++";
				CLANG_ENABLE_MODULES = YES;
				CLANG_ENABLE_OBJC_ARC = YES;
				CLANG_ENABLE_OBJC_WEAK = YES;
				CLANG_WARN_BLOCK_CAPTURE_AUTORELEASING = YES;
				CLANG_WARN_BOOL_CONVERSION = YES;
				CLANG_WARN_COMMA = YES;
				CLANG_WARN_CONSTANT_CONVERSION = YES;
				CLANG_WARN_DEPRECATED_OBJC_IMPLEMENTATIONS = YES;
				CLANG_WARN_DIRECT_OBJC_ISA_USAGE = YES_ERROR;
				CLANG_WARN_DOCUMENTATION_COMMENTS = YES;
				CLANG_WARN_EMPTY_BODY = YES;
				CLANG_WARN_ENUM_CONVERSION = YES;
				CLANG_WARN_INFINITE_RECURSION = YES;
				CLANG_WARN_INT_CONVERSION = YES;
				CLANG_WARN_NON_LITERAL_NULL_CONVERSION = YES;
				CLANG_WARN_OBJC_IMPLICIT_RETAIN_SELF = YES;
				CLANG_WARN_OBJC_LITERAL_CONVERSION = YES;
				CLANG_WARN_OBJC_ROOT_CLASS = YES_ERROR;
				CLANG_WARN_RANGE_LOOP_ANALYSIS = YES;
				CLANG_WARN_STRICT_PROTOTYPES = YES;
				CLANG_WARN_SUSPICIOUS_MOVE = YES;
				CLANG_WARN_UNGUARDED_AVAILABILITY = YES_AGGRESSIVE;
				CLANG_WARN_UNREACHABLE_CODE = YES;
				CLANG_WARN__DUPLICATE_METHOD_MATCH = YES;
				COPY_PHASE_STRIP = NO;
				DEBUG_INFORMATION_FORMAT = dwarf;
				ENABLE_STRICT_OBJC_MSGSEND = YES;
				ENABLE_TESTABILITY = YES;
				GCC_C_LANGUAGE_STANDARD = gnu11;
				GCC_DYNAMIC_NO_PIC = NO;
				GCC_NO_COMMON_BLOCKS = YES;
				GCC_OPTIMIZATION_LEVEL = 0;
				GCC_PREPROCESSOR_DEFINITIONS = (
					"DEBUG=1",
					"$(inherited)",
				);
				GCC_WARN_64_TO_32_BIT_CONVERSION = YES;
				GCC_WARN_ABOUT_RETURN_TYPE = YES_ERROR;
				GCC_WARN_UNDECLARED_SELECTOR = YES;
				GCC_WARN_UNINITIALIZED_AUTOS = YES_AGGRESSIVE;
				GCC_WARN_UNUSED_FUNCTION = YES;
				GCC_WARN_UNUSED_VARIABLE = YES;
				IPHONEOS_DEPLOYMENT_TARGET = 13.2;
				MTL_ENABLE_DEBUG_INFO = INCLUDE_SOURCE;
				MTL_FAST_MATH = YES;
				ONLY_ACTIVE_ARCH = YES;
				SDKROOT = iphoneos;
				SWIFT_ACTIVE_COMPILATION_CONDITIONS = DEBUG;
				SWIFT_OPTIMIZATION_LEVEL = "-Onone";
			};
			name = Debug;
		};
		F79CED20241BFCCF00556B50 /* Release */ = {
			isa = XCBuildConfiguration;
			buildSettings = {
				ALWAYS_SEARCH_USER_PATHS = NO;
				CLANG_ANALYZER_NONNULL = YES;
				CLANG_ANALYZER_NUMBER_OBJECT_CONVERSION = YES_AGGRESSIVE;
				CLANG_CXX_LANGUAGE_STANDARD = "gnu++14";
				CLANG_CXX_LIBRARY = "libc++";
				CLANG_ENABLE_MODULES = YES;
				CLANG_ENABLE_OBJC_ARC = YES;
				CLANG_ENABLE_OBJC_WEAK = YES;
				CLANG_WARN_BLOCK_CAPTURE_AUTORELEASING = YES;
				CLANG_WARN_BOOL_CONVERSION = YES;
				CLANG_WARN_COMMA = YES;
				CLANG_WARN_CONSTANT_CONVERSION = YES;
				CLANG_WARN_DEPRECATED_OBJC_IMPLEMENTATIONS = YES;
				CLANG_WARN_DIRECT_OBJC_ISA_USAGE = YES_ERROR;
				CLANG_WARN_DOCUMENTATION_COMMENTS = YES;
				CLANG_WARN_EMPTY_BODY = YES;
				CLANG_WARN_ENUM_CONVERSION = YES;
				CLANG_WARN_INFINITE_RECURSION = YES;
				CLANG_WARN_INT_CONVERSION = YES;
				CLANG_WARN_NON_LITERAL_NULL_CONVERSION = YES;
				CLANG_WARN_OBJC_IMPLICIT_RETAIN_SELF = YES;
				CLANG_WARN_OBJC_LITERAL_CONVERSION = YES;
				CLANG_WARN_OBJC_ROOT_CLASS = YES_ERROR;
				CLANG_WARN_RANGE_LOOP_ANALYSIS = YES;
				CLANG_WARN_STRICT_PROTOTYPES = YES;
				CLANG_WARN_SUSPICIOUS_MOVE = YES;
				CLANG_WARN_UNGUARDED_AVAILABILITY = YES_AGGRESSIVE;
				CLANG_WARN_UNREACHABLE_CODE = YES;
				CLANG_WARN__DUPLICATE_METHOD_MATCH = YES;
				COPY_PHASE_STRIP = NO;
				DEBUG_INFORMATION_FORMAT = "dwarf-with-dsym";
				ENABLE_NS_ASSERTIONS = NO;
				ENABLE_STRICT_OBJC_MSGSEND = YES;
				GCC_C_LANGUAGE_STANDARD = gnu11;
				GCC_NO_COMMON_BLOCKS = YES;
				GCC_WARN_64_TO_32_BIT_CONVERSION = YES;
				GCC_WARN_ABOUT_RETURN_TYPE = YES_ERROR;
				GCC_WARN_UNDECLARED_SELECTOR = YES;
				GCC_WARN_UNINITIALIZED_AUTOS = YES_AGGRESSIVE;
				GCC_WARN_UNUSED_FUNCTION = YES;
				GCC_WARN_UNUSED_VARIABLE = YES;
				IPHONEOS_DEPLOYMENT_TARGET = 13.2;
				MTL_ENABLE_DEBUG_INFO = NO;
				MTL_FAST_MATH = YES;
				SDKROOT = iphoneos;
				SWIFT_COMPILATION_MODE = wholemodule;
				SWIFT_OPTIMIZATION_LEVEL = "-O";
				VALIDATE_PRODUCT = YES;
			};
			name = Release;
		};
		F79CED22241BFCCF00556B50 /* Debug */ = {
			isa = XCBuildConfiguration;
			buildSettings = {
				ASSETCATALOG_COMPILER_APPICON_NAME = AppIcon;
				CODE_SIGN_STYLE = Automatic;
				INFOPLIST_FILE = VIPER_Example_Categories_2_4/Info.plist;
				LD_RUNPATH_SEARCH_PATHS = (
					"$(inherited)",
					"@executable_path/Frameworks",
				);
				PRODUCT_BUNDLE_IDENTIFIER = "LY.VIPER-Example-Categories-2-4";
				PRODUCT_NAME = "$(TARGET_NAME)";
				SWIFT_VERSION = 5.0;
				TARGETED_DEVICE_FAMILY = "1,2";
			};
			name = Debug;
		};
		F79CED23241BFCCF00556B50 /* Release */ = {
			isa = XCBuildConfiguration;
			buildSettings = {
				ASSETCATALOG_COMPILER_APPICON_NAME = AppIcon;
				CODE_SIGN_STYLE = Automatic;
				INFOPLIST_FILE = VIPER_Example_Categories_2_4/Info.plist;
				LD_RUNPATH_SEARCH_PATHS = (
					"$(inherited)",
					"@executable_path/Frameworks",
				);
				PRODUCT_BUNDLE_IDENTIFIER = "LY.VIPER-Example-Categories-2-4";
				PRODUCT_NAME = "$(TARGET_NAME)";
				SWIFT_VERSION = 5.0;
				TARGETED_DEVICE_FAMILY = "1,2";
			};
			name = Release;
		};
/* End XCBuildConfiguration section */

/* Begin XCConfigurationList section */
		F79CED08241BFCC600556B50 /* Build configuration list for PBXProject "VIPER_Example_Categories_2_4" */ = {
			isa = XCConfigurationList;
			buildConfigurations = (
				F79CED1F241BFCCF00556B50 /* Debug */,
				F79CED20241BFCCF00556B50 /* Release */,
			);
			defaultConfigurationIsVisible = 0;
			defaultConfigurationName = Release;
		};
		F79CED21241BFCCF00556B50 /* Build configuration list for PBXNativeTarget "VIPER_Example_Categories_2_4" */ = {
			isa = XCConfigurationList;
			buildConfigurations = (
				F79CED22241BFCCF00556B50 /* Debug */,
				F79CED23241BFCCF00556B50 /* Release */,
			);
			defaultConfigurationIsVisible = 0;
			defaultConfigurationName = Release;
		};
/* End XCConfigurationList section */
	};
	rootObject = F79CED05241BFCC600556B50 /* Project object */;
}
